
Microsoft Visual Studio Solution File, Format Version 12.00
# Visual Studio Version 17
VisualStudioVersion = 17.3.32901.215
MinimumVisualStudioVersion = 10.0.40219.1
Project("{00D1A9C2-B5F0-4AF3-8072-F6C62B433612}") = "Demo.Database", "Demo.Database\Demo.Database.sqlproj", "{D7FB31F3-291A-4DCA-B0A4-221A22E414F8}"
EndProject
Global
	GlobalSection(SolutionConfigurationPlatforms) = preSolution
		Debug|Any CPU = Debug|Any CPU
		Release|Any CPU = Release|Any CPU
	EndGlobalSection
	GlobalSection(ProjectConfigurationPlatforms) = postSolution
		{D7FB31F3-291A-4DCA-B0A4-221A22E414F8}.Debug|Any CPU.ActiveCfg = Debug|Any CPU
		{D7FB31F3-291A-4DCA-B0A4-221A22E414F8}.Debug|Any CPU.Build.0 = Debug|Any CPU
		{D7FB31F3-291A-4DCA-B0A4-221A22E414F8}.Debug|Any CPU.Deploy.0 = Debug|Any CPU
		{D7FB31F3-291A-4DCA-B0A4-221A22E414F8}.Release|Any CPU.ActiveCfg = Release|Any CPU
		{D7FB31F3-291A-4DCA-B0A4-221A22E414F8}.Release|Any CPU.Build.0 = Release|Any CPU
		{D7FB31F3-291A-4DCA-B0A4-221A22E414F8}.Release|Any CPU.Deploy.0 = Release|Any CPU
	EndGlobalSection
	GlobalSection(SolutionProperties) = preSolution
		HideSolutionNode = FALSE
	EndGlobalSection
	GlobalSection(ExtensibilityGlobals) = postSolution
		SolutionGuid = {23A76ECC-CC56-4C4C-AB8F-2126C6E57A26}
	EndGlobalSection
EndGlobal
